// !$*UTF8*$!
{
	archiveVersion = 1;
	classes = {
	};
	objectVersion = 50;
	objects = {

/* Begin PBXBuildFile section */
		032FC22424E00C1300FB5B63 /* AppDelegate.swift in Sources */ = {isa = PBXBuildFile; fileRef = 032FC22324E00C1300FB5B63 /* AppDelegate.swift */; };
		032FC22624E00C1300FB5B63 /* SceneDelegate.swift in Sources */ = {isa = PBXBuildFile; fileRef = 032FC22524E00C1300FB5B63 /* SceneDelegate.swift */; };
		032FC22824E00C1300FB5B63 /* ContentView.swift in Sources */ = {isa = PBXBuildFile; fileRef = 032FC22724E00C1300FB5B63 /* ContentView.swift */; };
		032FC22A24E00C1500FB5B63 /* Assets.xcassets in Resources */ = {isa = PBXBuildFile; fileRef = 032FC22924E00C1500FB5B63 /* Assets.xcassets */; };
		032FC22D24E00C1500FB5B63 /* Preview Assets.xcassets in Resources */ = {isa = PBXBuildFile; fileRef = 032FC22C24E00C1500FB5B63 /* Preview Assets.xcassets */; };
		032FC23024E00C1500FB5B63 /* LaunchScreen.storyboard in Resources */ = {isa = PBXBuildFile; fileRef = 032FC22E24E00C1500FB5B63 /* LaunchScreen.storyboard */; };
		034F4B0E24E0151B002489F0 /* Monoton-Regular.ttf in Resources */ = {isa = PBXBuildFile; fileRef = 034F4B0D24E0151B002489F0 /* Monoton-Regular.ttf */; };
		034F4B1124E015ED002489F0 /* DiceView.swift in Sources */ = {isa = PBXBuildFile; fileRef = 034F4B1024E015ED002489F0 /* DiceView.swift */; };
/* End PBXBuildFile section */

/* Begin PBXFileReference section */
		032FC22024E00C1300FB5B63 /* Dicee.app */ = {isa = PBXFileReference; explicitFileType = wrapper.application; includeInIndex = 0; path = Dicee.app; sourceTree = BUILT_PRODUCTS_DIR; };
		032FC22324E00C1300FB5B63 /* AppDelegate.swift */ = {isa = PBXFileReference; lastKnownFileType = sourcecode.swift; path = AppDelegate.swift; sourceTree = "<group>"; };
		032FC22524E00C1300FB5B63 /* SceneDelegate.swift */ = {isa = PBXFileReference; lastKnownFileType = sourcecode.swift; path = SceneDelegate.swift; sourceTree = "<group>"; };
		032FC22724E00C1300FB5B63 /* ContentView.swift */ = {isa = PBXFileReference; lastKnownFileType = sourcecode.swift; path = ContentView.swift; sourceTree = "<group>"; };
		032FC22924E00C1500FB5B63 /* Assets.xcassets */ = {isa = PBXFileReference; lastKnownFileType = folder.assetcatalog; path = Assets.xcassets; sourceTree = "<group>"; };
		032FC22C24E00C1500FB5B63 /* Preview Assets.xcassets */ = {isa = PBXFileReference; lastKnownFileType = folder.assetcatalog; path = "Preview Assets.xcassets"; sourceTree = "<group>"; };
		032FC22F24E00C1500FB5B63 /* Base */ = {isa = PBXFileReference; lastKnownFileType = file.storyboard; name = Base; path = Base.lproj/LaunchScreen.storyboard; sourceTree = "<group>"; };
		032FC23124E00C1500FB5B63 /* Info.plist */ = {isa = PBXFileReference; lastKnownFileType = text.plist.xml; path = Info.plist; sourceTree = "<group>"; };
		034F4B0D24E0151B002489F0 /* Monoton-Regular.ttf */ = {isa = PBXFileReference; lastKnownFileType = file; path = "Monoton-Regular.ttf"; sourceTree = "<group>"; };
		034F4B1024E015ED002489F0 /* DiceView.swift */ = {isa = PBXFileReference; lastKnownFileType = sourcecode.swift; path = DiceView.swift; sourceTree = "<group>"; };
/* End PBXFileReference section */

/* Begin PBXFrameworksBuildPhase section */
		032FC21D24E00C1300FB5B63 /* Frameworks */ = {
			isa = PBXFrameworksBuildPhase;
			buildActionMask = 2147483647;
			files = (
			);
			runOnlyForDeploymentPostprocessing = 0;
		};
/* End PBXFrameworksBuildPhase section */

/* Begin PBXGroup section */
		032FC21724E00C1300FB5B63 = {
			isa = PBXGroup;
			children = (
				032FC22224E00C1300FB5B63 /* Dicee */,
				032FC22124E00C1300FB5B63 /* Products */,
			);
			sourceTree = "<group>";
		};
		032FC22124E00C1300FB5B63 /* Products */ = {
			isa = PBXGroup;
			children = (
				032FC22024E00C1300FB5B63 /* Dicee.app */,
			);
			name = Products;
			sourceTree = "<group>";
		};
		032FC22224E00C1300FB5B63 /* Dicee */ = {
			isa = PBXGroup;
			children = (
				034F4B0F24E015DB002489F0 /* Views */,
				034F4B0C24E01510002489F0 /* fonts */,
				032FC22324E00C1300FB5B63 /* AppDelegate.swift */,
				032FC22524E00C1300FB5B63 /* SceneDelegate.swift */,
				032FC22724E00C1300FB5B63 /* ContentView.swift */,
				032FC22924E00C1500FB5B63 /* Assets.xcassets */,
				032FC22E24E00C1500FB5B63 /* LaunchScreen.storyboard */,
				032FC23124E00C1500FB5B63 /* Info.plist */,
				032FC22B24E00C1500FB5B63 /* Preview Content */,
			);
			path = Dicee;
			sourceTree = "<group>";
		};
		032FC22B24E00C1500FB5B63 /* Preview Content */ = {
			isa = PBXGroup;
			children = (
				032FC22C24E00C1500FB5B63 /* Preview Assets.xcassets */,
			);
			path = "Preview Content";
			sourceTree = "<group>";
		};
		034F4B0C24E01510002489F0 /* fonts */ = {
			isa = PBXGroup;
			children = (
				034F4B0D24E0151B002489F0 /* Monoton-Regular.ttf */,
			);
			path = fonts;
			sourceTree = "<group>";
		};
		034F4B0F24E015DB002489F0 /* Views */ = {
			isa = PBXGroup;
			children = (
				034F4B1024E015ED002489F0 /* DiceView.swift */,
			);
			path = Views;
			sourceTree = "<group>";
		};
/* End PBXGroup section */

/* Begin PBXNativeTarget section */
		032FC21F24E00C1300FB5B63 /* Dicee */ = {
			isa = PBXNativeTarget;
			buildConfigurationList = 032FC23424E00C1500FB5B63 /* Build configuration list for PBXNativeTarget "Dicee" */;
			buildPhases = (
				032FC21C24E00C1300FB5B63 /* Sources */,
				032FC21D24E00C1300FB5B63 /* Frameworks */,
				032FC21E24E00C1300FB5B63 /* Resources */,
			);
			buildRules = (
			);
			dependencies = (
			);
			name = Dicee;
			productName = Dicee;
			productReference = 032FC22024E00C1300FB5B63 /* Dicee.app */;
			productType = "com.apple.product-type.application";
		};
/* End PBXNativeTarget section */

/* Begin PBXProject section */
		032FC21824E00C1300FB5B63 /* Project object */ = {
			isa = PBXProject;
			attributes = {
				LastSwiftUpdateCheck = 1150;
				LastUpgradeCheck = 1150;
				ORGANIZATIONNAME = "Nico Niebergall";
				TargetAttributes = {
					032FC21F24E00C1300FB5B63 = {
						CreatedOnToolsVersion = 11.5;
					};
				};
			};
			buildConfigurationList = 032FC21B24E00C1300FB5B63 /* Build configuration list for PBXProject "Dicee" */;
			compatibilityVersion = "Xcode 9.3";
			developmentRegion = en;
			hasScannedForEncodings = 0;
			knownRegions = (
				en,
				Base,
			);
			mainGroup = 032FC21724E00C1300FB5B63;
			productRefGroup = 032FC22124E00C1300FB5B63 /* Products */;
			projectDirPath = "";
			projectRoot = "";
			targets = (
				032FC21F24E00C1300FB5B63 /* Dicee */,
			);
		};
/* End PBXProject section */

/* Begin PBXResourcesBuildPhase section */
		032FC21E24E00C1300FB5B63 /* Resources */ = {
			isa = PBXResourcesBuildPhase;
			buildActionMask = 2147483647;
			files = (
				034F4B0E24E0151B002489F0 /* Monoton-Regular.ttf in Resources */,
				032FC23024E00C1500FB5B63 /* LaunchScreen.storyboard in Resources */,
				032FC22D24E00C1500FB5B63 /* Preview Assets.xcassets in Resources */,
				032FC22A24E00C1500FB5B63 /* Assets.xcassets in Resources */,
			);
			runOnlyForDeploymentPostprocessing = 0;
		};
/* End PBXResourcesBuildPhase section */

/* Begin PBXSourcesBuildPhase section */
		032FC21C24E00C1300FB5B63 /* Sources */ = {
			isa = PBXSourcesBuildPhase;
			buildActionMask = 2147483647;
			files = (
				032FC22424E00C1300FB5B63 /* AppDelegate.swift in Sources */,
				034F4B1124E015ED002489F0 /* DiceView.swift in Sources */,
				032FC22624E00C1300FB5B63 /* SceneDelegate.swift in Sources */,
				032FC22824E00C1300FB5B63 /* ContentView.swift in Sources */,
			);
			runOnlyForDeploymentPostprocessing = 0;
		};
/* End PBXSourcesBuildPhase section */

/* Begin PBXVariantGroup section */
		032FC22E24E00C1500FB5B63 /* LaunchScreen.storyboard */ = {
			isa = PBXVariantGroup;
			children = (
				032FC22F24E00C1500FB5B63 /* Base */,
			);
			name = LaunchScreen.storyboard;
			sourceTree = "<group>";
		};
/* End PBXVariantGroup section */

/* Begin XCBuildConfiguration section */
		032FC23224E00C1500FB5B63 /* Debug */ = {
			isa = XCBuildConfiguration;
			buildSettings = {
				ALWAYS_SEARCH_USER_PATHS = NO;
				CLANG_ANALYZER_NONNULL = YES;
				CLANG_ANALYZER_NUMBER_OBJECT_CONVERSION = YES_AGGRESSIVE;
				CLANG_CXX_LANGUAGE_STANDARD = "gnu++14";
				CLANG_CXX_LIBRARY = "libc++";
				CLANG_ENABLE_MODULES = YES;
				CLANG_ENABLE_OBJC_ARC = YES;
				CLANG_ENABLE_OBJC_WEAK = YES;
				CLANG_WARN_BLOCK_CAPTURE_AUTORELEASING = YES;
				CLANG_WARN_BOOL_CONVERSION = YES;
				CLANG_WARN_COMMA = YES;
				CLANG_WARN_CONSTANT_CONVERSION = YES;
				CLANG_WARN_DEPRECATED_OBJC_IMPLEMENTATIONS = YES;
				CLANG_WARN_DIRECT_OBJC_ISA_USAGE = YES_ERROR;
				CLANG_WARN_DOCUMENTATION_COMMENTS = YES;
				CLANG_WARN_EMPTY_BODY = YES;
				CLANG_WARN_ENUM_CONVERSION = YES;
				CLANG_WARN_INFINITE_RECURSION = YES;
				CLANG_WARN_INT_CONVERSION = YES;
				CLANG_WARN_NON_LITERAL_NULL_CONVERSION = YES;
				CLANG_WARN_OBJC_IMPLICIT_RETAIN_SELF = YES;
				CLANG_WARN_OBJC_LITERAL_CONVERSION = YES;
				CLANG_WARN_OBJC_ROOT_CLASS = YES_ERROR;
				CLANG_WARN_RANGE_LOOP_ANALYSIS = YES;
				CLANG_WARN_STRICT_PROTOTYPES = YES;
				CLANG_WARN_SUSPICIOUS_MOVE = YES;
				CLANG_WARN_UNGUARDED_AVAILABILITY = YES_AGGRESSIVE;
				CLANG_WARN_UNREACHABLE_CODE = YES;
				CLANG_WARN__DUPLICATE_METHOD_MATCH = YES;
				COPY_PHASE_STRIP = NO;
				DEBUG_INFORMATION_FORMAT = dwarf;
				ENABLE_STRICT_OBJC_MSGSEND = YES;
				ENABLE_TESTABILITY = YES;
				GCC_C_LANGUAGE_STANDARD = gnu11;
				GCC_DYNAMIC_NO_PIC = NO;
				GCC_NO_COMMON_BLOCKS = YES;
				GCC_OPTIMIZATION_LEVEL = 0;
				GCC_PREPROCESSOR_DEFINITIONS = (
					"DEBUG=1",
					"$(inherited)",
				);
				GCC_WARN_64_TO_32_BIT_CONVERSION = YES;
				GCC_WARN_ABOUT_RETURN_TYPE = YES_ERROR;
				GCC_WARN_UNDECLARED_SELECTOR = YES;
				GCC_WARN_UNINITIALIZED_AUTOS = YES_AGGRESSIVE;
				GCC_WARN_UNUSED_FUNCTION = YES;
				GCC_WARN_UNUSED_VARIABLE = YES;
				IPHONEOS_DEPLOYMENT_TARGET = 13.5;
				MTL_ENABLE_DEBUG_INFO = INCLUDE_SOURCE;
				MTL_FAST_MATH = YES;
				ONLY_ACTIVE_ARCH = YES;
				SDKROOT = iphoneos;
				SWIFT_ACTIVE_COMPILATION_CONDITIONS = DEBUG;
				SWIFT_OPTIMIZATION_LEVEL = "-Onone";
			};
			name = Debug;
		};
		032FC23324E00C1500FB5B63 /* Release */ = {
			isa = XCBuildConfiguration;
			buildSettings = {
				ALWAYS_SEARCH_USER_PATHS = NO;
				CLANG_ANALYZER_NONNULL = YES;
				CLANG_ANALYZER_NUMBER_OBJECT_CONVERSION = YES_AGGRESSIVE;
				CLANG_CXX_LANGUAGE_STANDARD = "gnu++14";
				CLANG_CXX_LIBRARY = "libc++";
				CLANG_ENABLE_MODULES = YES;
				CLANG_ENABLE_OBJC_ARC = YES;
				CLANG_ENABLE_OBJC_WEAK = YES;
				CLANG_WARN_BLOCK_CAPTURE_AUTORELEASING = YES;
				CLANG_WARN_BOOL_CONVERSION = YES;
				CLANG_WARN_COMMA = YES;
				CLANG_WARN_CONSTANT_CONVERSION = YES;
				CLANG_WARN_DEPRECATED_OBJC_IMPLEMENTATIONS = YES;
				CLANG_WARN_DIRECT_OBJC_ISA_USAGE = YES_ERROR;
				CLANG_WARN_DOCUMENTATION_COMMENTS = YES;
				CLANG_WARN_EMPTY_BODY = YES;
				CLANG_WARN_ENUM_CONVERSION = YES;
				CLANG_WARN_INFINITE_RECURSION = YES;
				CLANG_WARN_INT_CONVERSION = YES;
				CLANG_WARN_NON_LITERAL_NULL_CONVERSION = YES;
				CLANG_WARN_OBJC_IMPLICIT_RETAIN_SELF = YES;
				CLANG_WARN_OBJC_LITERAL_CONVERSION = YES;
				CLANG_WARN_OBJC_ROOT_CLASS = YES_ERROR;
				CLANG_WARN_RANGE_LOOP_ANALYSIS = YES;
				CLANG_WARN_STRICT_PROTOTYPES = YES;
				CLANG_WARN_SUSPICIOUS_MOVE = YES;
				CLANG_WARN_UNGUARDED_AVAILABILITY = YES_AGGRESSIVE;
				CLANG_WARN_UNREACHABLE_CODE = YES;
				CLANG_WARN__DUPLICATE_METHOD_MATCH = YES;
				COPY_PHASE_STRIP = NO;
				DEBUG_INFORMATION_FORMAT = "dwarf-with-dsym";
				ENABLE_NS_ASSERTIONS = NO;
				ENABLE_STRICT_OBJC_MSGSEND = YES;
				GCC_C_LANGUAGE_STANDARD = gnu11;
				GCC_NO_COMMON_BLOCKS = YES;
				GCC_WARN_64_TO_32_BIT_CONVERSION = YES;
				GCC_WARN_ABOUT_RETURN_TYPE = YES_ERROR;
				GCC_WARN_UNDECLARED_SELECTOR = YES;
				GCC_WARN_UNINITIALIZED_AUTOS = YES_AGGRESSIVE;
				GCC_WARN_UNUSED_FUNCTION = YES;
				GCC_WARN_UNUSED_VARIABLE = YES;
				IPHONEOS_DEPLOYMENT_TARGET = 13.5;
				MTL_ENABLE_DEBUG_INFO = NO;
				MTL_FAST_MATH = YES;
				SDKROOT = iphoneos;
				SWIFT_COMPILATION_MODE = wholemodule;
				SWIFT_OPTIMIZATION_LEVEL = "-O";
				VALIDATE_PRODUCT = YES;
			};
			name = Release;
		};
		032FC23524E00C1500FB5B63 /* Debug */ = {
			isa = XCBuildConfiguration;
			buildSettings = {
				ASSETCATALOG_COMPILER_APPICON_NAME = AppIcon;
				CODE_SIGN_STYLE = Automatic;
				DEVELOPMENT_ASSET_PATHS = "\"Dicee/Preview Content\"";
				DEVELOPMENT_TEAM = LBN3W2R55B;
				ENABLE_PREVIEWS = YES;
				INFOPLIST_FILE = Dicee/Info.plist;
				LD_RUNPATH_SEARCH_PATHS = (
					"$(inherited)",
					"@executable_path/Frameworks",
				);
				PRODUCT_BUNDLE_IDENTIFIER = dev.nco.Dicee;
				PRODUCT_NAME = "$(TARGET_NAME)";
				SWIFT_VERSION = 5.0;
				TARGETED_DEVICE_FAMILY = "1,2";
			};
			name = Debug;
		};
		032FC23624E00C1500FB5B63 /* Release */ = {
			isa = XCBuildConfiguration;
			buildSettings = {
				ASSETCATALOG_COMPILER_APPICON_NAME = AppIcon;
				CODE_SIGN_STYLE = Automatic;
				DEVELOPMENT_ASSET_PATHS = "\"Dicee/Preview Content\"";
				DEVELOPMENT_TEAM = LBN3W2R55B;
				ENABLE_PREVIEWS = YES;
				INFOPLIST_FILE = Dicee/Info.plist;
				LD_RUNPATH_SEARCH_PATHS = (
					"$(inherited)",
					"@executable_path/Frameworks",
				);
				PRODUCT_BUNDLE_IDENTIFIER = dev.nco.Dicee;
				PRODUCT_NAME = "$(TARGET_NAME)";
				SWIFT_VERSION = 5.0;
				TARGETED_DEVICE_FAMILY = "1,2";
			};
			name = Release;
		};
/* End XCBuildConfiguration section */

/* Begin XCConfigurationList section */
		032FC21B24E00C1300FB5B63 /* Build configuration list for PBXProject "Dicee" */ = {
			isa = XCConfigurationList;
			buildConfigurations = (
				032FC23224E00C1500FB5B63 /* Debug */,
				032FC23324E00C1500FB5B63 /* Release */,
			);
			defaultConfigurationIsVisible = 0;
			defaultConfigurationName = Release;
		};
		032FC23424E00C1500FB5B63 /* Build configuration list for PBXNativeTarget "Dicee" */ = {
			isa = XCConfigurationList;
			buildConfigurations = (
				032FC23524E00C1500FB5B63 /* Debug */,
				032FC23624E00C1500FB5B63 /* Release */,
			);
			defaultConfigurationIsVisible = 0;
			defaultConfigurationName = Release;
		};
/* End XCConfigurationList section */
	};
	rootObject = 032FC21824E00C1300FB5B63 /* Project object */;
}
