// !$*UTF8*$!
{
	archiveVersion = 1;
	classes = {
	};
	objectVersion = 50;
	objects = {

/* Begin PBXBuildFile section */
		032FC21624E003C700FB5B63 /* ContactButton.swift in Sources */ = {isa = PBXBuildFile; fileRef = 032FC21524E003C700FB5B63 /* ContactButton.swift */; };
		03BBA24A24DEDA7F0099F0B3 /* AppDelegate.swift in Sources */ = {isa = PBXBuildFile; fileRef = 03BBA24924DEDA7F0099F0B3 /* AppDelegate.swift */; };
		03BBA24C24DEDA7F0099F0B3 /* SceneDelegate.swift in Sources */ = {isa = PBXBuildFile; fileRef = 03BBA24B24DEDA7F0099F0B3 /* SceneDelegate.swift */; };
		03BBA24E24DEDA7F0099F0B3 /* ContentView.swift in Sources */ = {isa = PBXBuildFile; fileRef = 03BBA24D24DEDA7F0099F0B3 /* ContentView.swift */; };
		03BBA25024DEDA7F0099F0B3 /* Assets.xcassets in Resources */ = {isa = PBXBuildFile; fileRef = 03BBA24F24DEDA7F0099F0B3 /* Assets.xcassets */; };
		03BBA25324DEDA7F0099F0B3 /* Preview Assets.xcassets in Resources */ = {isa = PBXBuildFile; fileRef = 03BBA25224DEDA7F0099F0B3 /* Preview Assets.xcassets */; };
		03BBA25624DEDA7F0099F0B3 /* LaunchScreen.storyboard in Resources */ = {isa = PBXBuildFile; fileRef = 03BBA25424DEDA7F0099F0B3 /* LaunchScreen.storyboard */; };
		03BBA27424DEFBC70099F0B3 /* RobotoMono-Bold.ttf in Resources */ = {isa = PBXBuildFile; fileRef = 03BBA27124DEFA530099F0B3 /* RobotoMono-Bold.ttf */; };
		03BBA27524DEFBC70099F0B3 /* RobotoMono-Medium.ttf in Resources */ = {isa = PBXBuildFile; fileRef = 03BBA26B24DEFA530099F0B3 /* RobotoMono-Medium.ttf */; };
		03BBA27624DEFBC70099F0B3 /* Ubuntu-Bold.ttf in Resources */ = {isa = PBXBuildFile; fileRef = 03BBA26224DEF9CF0099F0B3 /* Ubuntu-Bold.ttf */; };
		03BBA27724DEFBC70099F0B3 /* Ubuntu-Medium.ttf in Resources */ = {isa = PBXBuildFile; fileRef = 03BBA26024DEF9CE0099F0B3 /* Ubuntu-Medium.ttf */; };
/* End PBXBuildFile section */

/* Begin PBXFileReference section */
		032FC21524E003C700FB5B63 /* ContactButton.swift */ = {isa = PBXFileReference; lastKnownFileType = sourcecode.swift; path = ContactButton.swift; sourceTree = "<group>"; };
		03BBA24624DEDA7F0099F0B3 /* Business Card.app */ = {isa = PBXFileReference; explicitFileType = wrapper.application; includeInIndex = 0; path = "Business Card.app"; sourceTree = BUILT_PRODUCTS_DIR; };
		03BBA24924DEDA7F0099F0B3 /* AppDelegate.swift */ = {isa = PBXFileReference; lastKnownFileType = sourcecode.swift; path = AppDelegate.swift; sourceTree = "<group>"; };
		03BBA24B24DEDA7F0099F0B3 /* SceneDelegate.swift */ = {isa = PBXFileReference; lastKnownFileType = sourcecode.swift; path = SceneDelegate.swift; sourceTree = "<group>"; };
		03BBA24D24DEDA7F0099F0B3 /* ContentView.swift */ = {isa = PBXFileReference; lastKnownFileType = sourcecode.swift; path = ContentView.swift; sourceTree = "<group>"; };
		03BBA24F24DEDA7F0099F0B3 /* Assets.xcassets */ = {isa = PBXFileReference; lastKnownFileType = folder.assetcatalog; path = Assets.xcassets; sourceTree = "<group>"; };
		03BBA25224DEDA7F0099F0B3 /* Preview Assets.xcassets */ = {isa = PBXFileReference; lastKnownFileType = folder.assetcatalog; path = "Preview Assets.xcassets"; sourceTree = "<group>"; };
		03BBA25524DEDA7F0099F0B3 /* Base */ = {isa = PBXFileReference; lastKnownFileType = file.storyboard; name = Base; path = Base.lproj/LaunchScreen.storyboard; sourceTree = "<group>"; };
		03BBA25724DEDA7F0099F0B3 /* Info.plist */ = {isa = PBXFileReference; lastKnownFileType = text.plist.xml; path = Info.plist; sourceTree = "<group>"; };
		03BBA26024DEF9CE0099F0B3 /* Ubuntu-Medium.ttf */ = {isa = PBXFileReference; lastKnownFileType = file; path = "Ubuntu-Medium.ttf"; sourceTree = "<group>"; };
		03BBA26224DEF9CF0099F0B3 /* Ubuntu-Bold.ttf */ = {isa = PBXFileReference; lastKnownFileType = file; path = "Ubuntu-Bold.ttf"; sourceTree = "<group>"; };
		03BBA26B24DEFA530099F0B3 /* RobotoMono-Medium.ttf */ = {isa = PBXFileReference; lastKnownFileType = file; path = "RobotoMono-Medium.ttf"; sourceTree = "<group>"; };
		03BBA27124DEFA530099F0B3 /* RobotoMono-Bold.ttf */ = {isa = PBXFileReference; lastKnownFileType = file; path = "RobotoMono-Bold.ttf"; sourceTree = "<group>"; };
/* End PBXFileReference section */

/* Begin PBXFrameworksBuildPhase section */
		03BBA24324DEDA7F0099F0B3 /* Frameworks */ = {
			isa = PBXFrameworksBuildPhase;
			buildActionMask = 2147483647;
			files = (
			);
			runOnlyForDeploymentPostprocessing = 0;
		};
/* End PBXFrameworksBuildPhase section */

/* Begin PBXGroup section */
		032FC21424E003B300FB5B63 /* Views */ = {
			isa = PBXGroup;
			children = (
				032FC21524E003C700FB5B63 /* ContactButton.swift */,
			);
			path = Views;
			sourceTree = "<group>";
		};
		03BBA23D24DEDA7F0099F0B3 = {
			isa = PBXGroup;
			children = (
				03BBA24824DEDA7F0099F0B3 /* Business Card */,
				03BBA24724DEDA7F0099F0B3 /* Products */,
			);
			sourceTree = "<group>";
		};
		03BBA24724DEDA7F0099F0B3 /* Products */ = {
			isa = PBXGroup;
			children = (
				03BBA24624DEDA7F0099F0B3 /* Business Card.app */,
			);
			name = Products;
			sourceTree = "<group>";
		};
		03BBA24824DEDA7F0099F0B3 /* Business Card */ = {
			isa = PBXGroup;
			children = (
				032FC21424E003B300FB5B63 /* Views */,
				03BBA25D24DEF9C10099F0B3 /* fonts */,
				03BBA24924DEDA7F0099F0B3 /* AppDelegate.swift */,
				03BBA24B24DEDA7F0099F0B3 /* SceneDelegate.swift */,
				03BBA24D24DEDA7F0099F0B3 /* ContentView.swift */,
				03BBA24F24DEDA7F0099F0B3 /* Assets.xcassets */,
				03BBA25424DEDA7F0099F0B3 /* LaunchScreen.storyboard */,
				03BBA25724DEDA7F0099F0B3 /* Info.plist */,
				03BBA25124DEDA7F0099F0B3 /* Preview Content */,
			);
			path = "Business Card";
			sourceTree = "<group>";
		};
		03BBA25124DEDA7F0099F0B3 /* Preview Content */ = {
			isa = PBXGroup;
			children = (
				03BBA25224DEDA7F0099F0B3 /* Preview Assets.xcassets */,
			);
			path = "Preview Content";
			sourceTree = "<group>";
		};
		03BBA25D24DEF9C10099F0B3 /* fonts */ = {
			isa = PBXGroup;
			children = (
				03BBA27124DEFA530099F0B3 /* RobotoMono-Bold.ttf */,
				03BBA26B24DEFA530099F0B3 /* RobotoMono-Medium.ttf */,
				03BBA26224DEF9CF0099F0B3 /* Ubuntu-Bold.ttf */,
				03BBA26024DEF9CE0099F0B3 /* Ubuntu-Medium.ttf */,
			);
			path = fonts;
			sourceTree = "<group>";
		};
/* End PBXGroup section */

/* Begin PBXNativeTarget section */
		03BBA24524DEDA7F0099F0B3 /* Business Card */ = {
			isa = PBXNativeTarget;
			buildConfigurationList = 03BBA25A24DEDA7F0099F0B3 /* Build configuration list for PBXNativeTarget "Business Card" */;
			buildPhases = (
				03BBA24224DEDA7F0099F0B3 /* Sources */,
				03BBA24324DEDA7F0099F0B3 /* Frameworks */,
				03BBA24424DEDA7F0099F0B3 /* Resources */,
			);
			buildRules = (
			);
			dependencies = (
			);
			name = "Business Card";
			productName = "Business Card";
			productReference = 03BBA24624DEDA7F0099F0B3 /* Business Card.app */;
			productType = "com.apple.product-type.application";
		};
/* End PBXNativeTarget section */

/* Begin PBXProject section */
		03BBA23E24DEDA7F0099F0B3 /* Project object */ = {
			isa = PBXProject;
			attributes = {
				LastSwiftUpdateCheck = 1150;
				LastUpgradeCheck = 1150;
				ORGANIZATIONNAME = "Nico Niebergall";
				TargetAttributes = {
					03BBA24524DEDA7F0099F0B3 = {
						CreatedOnToolsVersion = 11.5;
					};
				};
			};
			buildConfigurationList = 03BBA24124DEDA7F0099F0B3 /* Build configuration list for PBXProject "Business Card" */;
			compatibilityVersion = "Xcode 9.3";
			developmentRegion = en;
			hasScannedForEncodings = 0;
			knownRegions = (
				en,
				Base,
			);
			mainGroup = 03BBA23D24DEDA7F0099F0B3;
			productRefGroup = 03BBA24724DEDA7F0099F0B3 /* Products */;
			projectDirPath = "";
			projectRoot = "";
			targets = (
				03BBA24524DEDA7F0099F0B3 /* Business Card */,
			);
		};
/* End PBXProject section */

/* Begin PBXResourcesBuildPhase section */
		03BBA24424DEDA7F0099F0B3 /* Resources */ = {
			isa = PBXResourcesBuildPhase;
			buildActionMask = 2147483647;
			files = (
				03BBA25624DEDA7F0099F0B3 /* LaunchScreen.storyboard in Resources */,
				03BBA25324DEDA7F0099F0B3 /* Preview Assets.xcassets in Resources */,
				03BBA27724DEFBC70099F0B3 /* Ubuntu-Medium.ttf in Resources */,
				03BBA27624DEFBC70099F0B3 /* Ubuntu-Bold.ttf in Resources */,
				03BBA25024DEDA7F0099F0B3 /* Assets.xcassets in Resources */,
				03BBA27424DEFBC70099F0B3 /* RobotoMono-Bold.ttf in Resources */,
				03BBA27524DEFBC70099F0B3 /* RobotoMono-Medium.ttf in Resources */,
			);
			runOnlyForDeploymentPostprocessing = 0;
		};
/* End PBXResourcesBuildPhase section */

/* Begin PBXSourcesBuildPhase section */
		03BBA24224DEDA7F0099F0B3 /* Sources */ = {
			isa = PBXSourcesBuildPhase;
			buildActionMask = 2147483647;
			files = (
				03BBA24A24DEDA7F0099F0B3 /* AppDelegate.swift in Sources */,
				03BBA24C24DEDA7F0099F0B3 /* SceneDelegate.swift in Sources */,
				032FC21624E003C700FB5B63 /* ContactButton.swift in Sources */,
				03BBA24E24DEDA7F0099F0B3 /* ContentView.swift in Sources */,
			);
			runOnlyForDeploymentPostprocessing = 0;
		};
/* End PBXSourcesBuildPhase section */

/* Begin PBXVariantGroup section */
		03BBA25424DEDA7F0099F0B3 /* LaunchScreen.storyboard */ = {
			isa = PBXVariantGroup;
			children = (
				03BBA25524DEDA7F0099F0B3 /* Base */,
			);
			name = LaunchScreen.storyboard;
			sourceTree = "<group>";
		};
/* End PBXVariantGroup section */

/* Begin XCBuildConfiguration section */
		03BBA25824DEDA7F0099F0B3 /* Debug */ = {
			isa = XCBuildConfiguration;
			buildSettings = {
				ALWAYS_SEARCH_USER_PATHS = NO;
				CLANG_ANALYZER_NONNULL = YES;
				CLANG_ANALYZER_NUMBER_OBJECT_CONVERSION = YES_AGGRESSIVE;
				CLANG_CXX_LANGUAGE_STANDARD = "gnu++14";
				CLANG_CXX_LIBRARY = "libc++";
				CLANG_ENABLE_MODULES = YES;
				CLANG_ENABLE_OBJC_ARC = YES;
				CLANG_ENABLE_OBJC_WEAK = YES;
				CLANG_WARN_BLOCK_CAPTURE_AUTORELEASING = YES;
				CLANG_WARN_BOOL_CONVERSION = YES;
				CLANG_WARN_COMMA = YES;
				CLANG_WARN_CONSTANT_CONVERSION = YES;
				CLANG_WARN_DEPRECATED_OBJC_IMPLEMENTATIONS = YES;
				CLANG_WARN_DIRECT_OBJC_ISA_USAGE = YES_ERROR;
				CLANG_WARN_DOCUMENTATION_COMMENTS = YES;
				CLANG_WARN_EMPTY_BODY = YES;
				CLANG_WARN_ENUM_CONVERSION = YES;
				CLANG_WARN_INFINITE_RECURSION = YES;
				CLANG_WARN_INT_CONVERSION = YES;
				CLANG_WARN_NON_LITERAL_NULL_CONVERSION = YES;
				CLANG_WARN_OBJC_IMPLICIT_RETAIN_SELF = YES;
				CLANG_WARN_OBJC_LITERAL_CONVERSION = YES;
				CLANG_WARN_OBJC_ROOT_CLASS = YES_ERROR;
				CLANG_WARN_RANGE_LOOP_ANALYSIS = YES;
				CLANG_WARN_STRICT_PROTOTYPES = YES;
				CLANG_WARN_SUSPICIOUS_MOVE = YES;
				CLANG_WARN_UNGUARDED_AVAILABILITY = YES_AGGRESSIVE;
				CLANG_WARN_UNREACHABLE_CODE = YES;
				CLANG_WARN__DUPLICATE_METHOD_MATCH = YES;
				COPY_PHASE_STRIP = NO;
				DEBUG_INFORMATION_FORMAT = dwarf;
				ENABLE_STRICT_OBJC_MSGSEND = YES;
				ENABLE_TESTABILITY = YES;
				GCC_C_LANGUAGE_STANDARD = gnu11;
				GCC_DYNAMIC_NO_PIC = NO;
				GCC_NO_COMMON_BLOCKS = YES;
				GCC_OPTIMIZATION_LEVEL = 0;
				GCC_PREPROCESSOR_DEFINITIONS = (
					"DEBUG=1",
					"$(inherited)",
				);
				GCC_WARN_64_TO_32_BIT_CONVERSION = YES;
				GCC_WARN_ABOUT_RETURN_TYPE = YES_ERROR;
				GCC_WARN_UNDECLARED_SELECTOR = YES;
				GCC_WARN_UNINITIALIZED_AUTOS = YES_AGGRESSIVE;
				GCC_WARN_UNUSED_FUNCTION = YES;
				GCC_WARN_UNUSED_VARIABLE = YES;
				IPHONEOS_DEPLOYMENT_TARGET = 13.5;
				MTL_ENABLE_DEBUG_INFO = INCLUDE_SOURCE;
				MTL_FAST_MATH = YES;
				ONLY_ACTIVE_ARCH = YES;
				SDKROOT = iphoneos;
				SWIFT_ACTIVE_COMPILATION_CONDITIONS = DEBUG;
				SWIFT_OPTIMIZATION_LEVEL = "-Onone";
			};
			name = Debug;
		};
		03BBA25924DEDA7F0099F0B3 /* Release */ = {
			isa = XCBuildConfiguration;
			buildSettings = {
				ALWAYS_SEARCH_USER_PATHS = NO;
				CLANG_ANALYZER_NONNULL = YES;
				CLANG_ANALYZER_NUMBER_OBJECT_CONVERSION = YES_AGGRESSIVE;
				CLANG_CXX_LANGUAGE_STANDARD = "gnu++14";
				CLANG_CXX_LIBRARY = "libc++";
				CLANG_ENABLE_MODULES = YES;
				CLANG_ENABLE_OBJC_ARC = YES;
				CLANG_ENABLE_OBJC_WEAK = YES;
				CLANG_WARN_BLOCK_CAPTURE_AUTORELEASING = YES;
				CLANG_WARN_BOOL_CONVERSION = YES;
				CLANG_WARN_COMMA = YES;
				CLANG_WARN_CONSTANT_CONVERSION = YES;
				CLANG_WARN_DEPRECATED_OBJC_IMPLEMENTATIONS = YES;
				CLANG_WARN_DIRECT_OBJC_ISA_USAGE = YES_ERROR;
				CLANG_WARN_DOCUMENTATION_COMMENTS = YES;
				CLANG_WARN_EMPTY_BODY = YES;
				CLANG_WARN_ENUM_CONVERSION = YES;
				CLANG_WARN_INFINITE_RECURSION = YES;
				CLANG_WARN_INT_CONVERSION = YES;
				CLANG_WARN_NON_LITERAL_NULL_CONVERSION = YES;
				CLANG_WARN_OBJC_IMPLICIT_RETAIN_SELF = YES;
				CLANG_WARN_OBJC_LITERAL_CONVERSION = YES;
				CLANG_WARN_OBJC_ROOT_CLASS = YES_ERROR;
				CLANG_WARN_RANGE_LOOP_ANALYSIS = YES;
				CLANG_WARN_STRICT_PROTOTYPES = YES;
				CLANG_WARN_SUSPICIOUS_MOVE = YES;
				CLANG_WARN_UNGUARDED_AVAILABILITY = YES_AGGRESSIVE;
				CLANG_WARN_UNREACHABLE_CODE = YES;
				CLANG_WARN__DUPLICATE_METHOD_MATCH = YES;
				COPY_PHASE_STRIP = NO;
				DEBUG_INFORMATION_FORMAT = "dwarf-with-dsym";
				ENABLE_NS_ASSERTIONS = NO;
				ENABLE_STRICT_OBJC_MSGSEND = YES;
				GCC_C_LANGUAGE_STANDARD = gnu11;
				GCC_NO_COMMON_BLOCKS = YES;
				GCC_WARN_64_TO_32_BIT_CONVERSION = YES;
				GCC_WARN_ABOUT_RETURN_TYPE = YES_ERROR;
				GCC_WARN_UNDECLARED_SELECTOR = YES;
				GCC_WARN_UNINITIALIZED_AUTOS = YES_AGGRESSIVE;
				GCC_WARN_UNUSED_FUNCTION = YES;
				GCC_WARN_UNUSED_VARIABLE = YES;
				IPHONEOS_DEPLOYMENT_TARGET = 13.5;
				MTL_ENABLE_DEBUG_INFO = NO;
				MTL_FAST_MATH = YES;
				SDKROOT = iphoneos;
				SWIFT_COMPILATION_MODE = wholemodule;
				SWIFT_OPTIMIZATION_LEVEL = "-O";
				VALIDATE_PRODUCT = YES;
			};
			name = Release;
		};
		03BBA25B24DEDA7F0099F0B3 /* Debug */ = {
			isa = XCBuildConfiguration;
			buildSettings = {
				ASSETCATALOG_COMPILER_APPICON_NAME = AppIcon;
				CODE_SIGN_STYLE = Automatic;
				DEVELOPMENT_ASSET_PATHS = "\"Business Card/Preview Content\"";
				DEVELOPMENT_TEAM = LBN3W2R55B;
				ENABLE_PREVIEWS = YES;
				INFOPLIST_FILE = "Business Card/Info.plist";
				LD_RUNPATH_SEARCH_PATHS = (
					"$(inherited)",
					"@executable_path/Frameworks",
				);
				PRODUCT_BUNDLE_IDENTIFIER = "dev.nco.Business-Card";
				PRODUCT_NAME = "$(TARGET_NAME)";
				SWIFT_VERSION = 5.0;
				TARGETED_DEVICE_FAMILY = "1,2";
			};
			name = Debug;
		};
		03BBA25C24DEDA7F0099F0B3 /* Release */ = {
			isa = XCBuildConfiguration;
			buildSettings = {
				ASSETCATALOG_COMPILER_APPICON_NAME = AppIcon;
				CODE_SIGN_STYLE = Automatic;
				DEVELOPMENT_ASSET_PATHS = "\"Business Card/Preview Content\"";
				DEVELOPMENT_TEAM = LBN3W2R55B;
				ENABLE_PREVIEWS = YES;
				INFOPLIST_FILE = "Business Card/Info.plist";
				LD_RUNPATH_SEARCH_PATHS = (
					"$(inherited)",
					"@executable_path/Frameworks",
				);
				PRODUCT_BUNDLE_IDENTIFIER = "dev.nco.Business-Card";
				PRODUCT_NAME = "$(TARGET_NAME)";
				SWIFT_VERSION = 5.0;
				TARGETED_DEVICE_FAMILY = "1,2";
			};
			name = Release;
		};
/* End XCBuildConfiguration section */

/* Begin XCConfigurationList section */
		03BBA24124DEDA7F0099F0B3 /* Build configuration list for PBXProject "Business Card" */ = {
			isa = XCConfigurationList;
			buildConfigurations = (
				03BBA25824DEDA7F0099F0B3 /* Debug */,
				03BBA25924DEDA7F0099F0B3 /* Release */,
			);
			defaultConfigurationIsVisible = 0;
			defaultConfigurationName = Release;
		};
		03BBA25A24DEDA7F0099F0B3 /* Build configuration list for PBXNativeTarget "Business Card" */ = {
			isa = XCConfigurationList;
			buildConfigurations = (
				03BBA25B24DEDA7F0099F0B3 /* Debug */,
				03BBA25C24DEDA7F0099F0B3 /* Release */,
			);
			defaultConfigurationIsVisible = 0;
			defaultConfigurationName = Release;
		};
/* End XCConfigurationList section */
	};
	rootObject = 03BBA23E24DEDA7F0099F0B3 /* Project object */;
}
